
Microsoft Visual Studio Solution File, Format Version 12.00
# Visual Studio Version 16
Project("{2150E333-8FDC-42A3-9474-1A3956D46DE8}") = "CMakePredefinedTargets", "CMakePredefinedTargets", "{D2D89D4E-74DB-3B92-B1ED-3BB33B598384}"
EndProject
Project("{8BC9CEB8-8B4A-11D0-8D11-00A0C91BC942}") = "CSC8503", "CSC8503\CSC8503.vcxproj", "{A906A224-5E6B-3186-BD45-E8BF4F70705B}"
	ProjectSection(ProjectDependencies) = postProject
		{AC3FB3F4-1538-3DCF-B517-462C773F7DC0} = {AC3FB3F4-1538-3DCF-B517-462C773F7DC0}
		{4CEBDFE6-B5C5-3AD5-9BBB-F4686F53AC6C} = {4CEBDFE6-B5C5-3AD5-9BBB-F4686F53AC6C}
		{8B2E624A-57F6-3A67-8AEC-25CD5D3D8028} = {8B2E624A-57F6-3A67-8AEC-25CD5D3D8028}
		{11DDDD5E-6E0F-3041-9648-B0BE5BCA9E6E} = {11DDDD5E-6E0F-3041-9648-B0BE5BCA9E6E}
	EndProjectSection
EndProject
Project("{8BC9CEB8-8B4A-11D0-8D11-00A0C91BC942}") = "ALL_BUILD", "ALL_BUILD.vcxproj", "{48A07678-D5D9-33FA-853F-FECD2FAEB378}"
	ProjectSection(ProjectDependencies) = postProject
		{A906A224-5E6B-3186-BD45-E8BF4F70705B} = {A906A224-5E6B-3186-BD45-E8BF4F70705B}
		{AC3FB3F4-1538-3DCF-B517-462C773F7DC0} = {AC3FB3F4-1538-3DCF-B517-462C773F7DC0}
		{4CEBDFE6-B5C5-3AD5-9BBB-F4686F53AC6C} = {4CEBDFE6-B5C5-3AD5-9BBB-F4686F53AC6C}
		{8B2E624A-57F6-3A67-8AEC-25CD5D3D8028} = {8B2E624A-57F6-3A67-8AEC-25CD5D3D8028}
		{11DDDD5E-6E0F-3041-9648-B0BE5BCA9E6E} = {11DDDD5E-6E0F-3041-9648-B0BE5BCA9E6E}
	EndProjectSection
EndProject
Project("{8BC9CEB8-8B4A-11D0-8D11-00A0C91BC942}") = "CSC8503CoreClasses", "CSC8503CoreClasses\CSC8503CoreClasses.vcxproj", "{AC3FB3F4-1538-3DCF-B517-462C773F7DC0}"
	ProjectSection(ProjectDependencies) = postProject
		{11DDDD5E-6E0F-3041-9648-B0BE5BCA9E6E} = {11DDDD5E-6E0F-3041-9648-B0BE5BCA9E6E}
	EndProjectSection
EndProject
Project("{8BC9CEB8-8B4A-11D0-8D11-00A0C91BC942}") = "NCLCoreClasses", "NCLCoreClasses\NCLCoreClasses.vcxproj", "{4CEBDFE6-B5C5-3AD5-9BBB-F4686F53AC6C}"
	ProjectSection(ProjectDependencies) = postProject
		{11DDDD5E-6E0F-3041-9648-B0BE5BCA9E6E} = {11DDDD5E-6E0F-3041-9648-B0BE5BCA9E6E}
	EndProjectSection
EndProject
Project("{8BC9CEB8-8B4A-11D0-8D11-00A0C91BC942}") = "OpenGLRendering", "OpenGLRendering\OpenGLRendering.vcxproj", "{8B2E624A-57F6-3A67-8AEC-25CD5D3D8028}"
	ProjectSection(ProjectDependencies) = postProject
		{4CEBDFE6-B5C5-3AD5-9BBB-F4686F53AC6C} = {4CEBDFE6-B5C5-3AD5-9BBB-F4686F53AC6C}
		{11DDDD5E-6E0F-3041-9648-B0BE5BCA9E6E} = {11DDDD5E-6E0F-3041-9648-B0BE5BCA9E6E}
	EndProjectSection
EndProject
Project("{8BC9CEB8-8B4A-11D0-8D11-00A0C91BC942}") = "ZERO_CHECK", "ZERO_CHECK.vcxproj", "{11DDDD5E-6E0F-3041-9648-B0BE5BCA9E6E}"
	ProjectSection(ProjectDependencies) = postProject
	EndProjectSection
EndProject
Global
	GlobalSection(SolutionConfigurationPlatforms) = preSolution
		Debug|x64 = Debug|x64
		Release|x64 = Release|x64
	EndGlobalSection
	GlobalSection(ProjectConfigurationPlatforms) = postSolution
		{A906A224-5E6B-3186-BD45-E8BF4F70705B}.Debug|x64.ActiveCfg = Debug|x64
		{A906A224-5E6B-3186-BD45-E8BF4F70705B}.Debug|x64.Build.0 = Debug|x64
		{A906A224-5E6B-3186-BD45-E8BF4F70705B}.Release|x64.ActiveCfg = Release|x64
		{A906A224-5E6B-3186-BD45-E8BF4F70705B}.Release|x64.Build.0 = Release|x64
		{48A07678-D5D9-33FA-853F-FECD2FAEB378}.Debug|x64.ActiveCfg = Debug|x64
		{48A07678-D5D9-33FA-853F-FECD2FAEB378}.Release|x64.ActiveCfg = Release|x64
		{AC3FB3F4-1538-3DCF-B517-462C773F7DC0}.Debug|x64.ActiveCfg = Debug|x64
		{AC3FB3F4-1538-3DCF-B517-462C773F7DC0}.Debug|x64.Build.0 = Debug|x64
		{AC3FB3F4-1538-3DCF-B517-462C773F7DC0}.Release|x64.ActiveCfg = Release|x64
		{AC3FB3F4-1538-3DCF-B517-462C773F7DC0}.Release|x64.Build.0 = Release|x64
		{4CEBDFE6-B5C5-3AD5-9BBB-F4686F53AC6C}.Debug|x64.ActiveCfg = Debug|x64
		{4CEBDFE6-B5C5-3AD5-9BBB-F4686F53AC6C}.Debug|x64.Build.0 = Debug|x64
		{4CEBDFE6-B5C5-3AD5-9BBB-F4686F53AC6C}.Release|x64.ActiveCfg = Release|x64
		{4CEBDFE6-B5C5-3AD5-9BBB-F4686F53AC6C}.Release|x64.Build.0 = Release|x64
		{8B2E624A-57F6-3A67-8AEC-25CD5D3D8028}.Debug|x64.ActiveCfg = Debug|x64
		{8B2E624A-57F6-3A67-8AEC-25CD5D3D8028}.Debug|x64.Build.0 = Debug|x64
		{8B2E624A-57F6-3A67-8AEC-25CD5D3D8028}.Release|x64.ActiveCfg = Release|x64
		{8B2E624A-57F6-3A67-8AEC-25CD5D3D8028}.Release|x64.Build.0 = Release|x64
		{11DDDD5E-6E0F-3041-9648-B0BE5BCA9E6E}.Debug|x64.ActiveCfg = Debug|x64
		{11DDDD5E-6E0F-3041-9648-B0BE5BCA9E6E}.Debug|x64.Build.0 = Debug|x64
		{11DDDD5E-6E0F-3041-9648-B0BE5BCA9E6E}.Release|x64.ActiveCfg = Release|x64
		{11DDDD5E-6E0F-3041-9648-B0BE5BCA9E6E}.Release|x64.Build.0 = Release|x64
	EndGlobalSection
	GlobalSection(NestedProjects) = preSolution
		{48A07678-D5D9-33FA-853F-FECD2FAEB378} = {D2D89D4E-74DB-3B92-B1ED-3BB33B598384}
		{11DDDD5E-6E0F-3041-9648-B0BE5BCA9E6E} = {D2D89D4E-74DB-3B92-B1ED-3BB33B598384}
	EndGlobalSection
	GlobalSection(ExtensibilityGlobals) = postSolution
		SolutionGuid = {7B8BAAA2-4F27-37A8-9F90-102D69391F83}
	EndGlobalSection
	GlobalSection(ExtensibilityAddIns) = postSolution
	EndGlobalSection
EndGlobal
