
Microsoft Visual Studio Solution File, Format Version 12.00
# Visual Studio Version 16
Project("{2150E333-8FDC-42A3-9474-1A3956D46DE8}") = "CMakePredefinedTargets", "CMakePredefinedTargets", "{9D568418-FE44-3668-9E77-705FD026B4D0}"
EndProject
Project("{8BC9CEB8-8B4A-11D0-8D11-00A0C91BC942}") = "CSC8503", "CSC8503\CSC8503.vcxproj", "{8ABD0084-A13C-3A3F-8C20-7D0BD9F5820A}"
	ProjectSection(ProjectDependencies) = postProject
		{42D50C8C-9E42-3E23-B3B3-A5C598A45AC9} = {42D50C8C-9E42-3E23-B3B3-A5C598A45AC9}
		{93214525-78C8-34CB-A52A-7D8F02875BC7} = {93214525-78C8-34CB-A52A-7D8F02875BC7}
		{FA23A365-19EB-3F20-BF84-E5816F904863} = {FA23A365-19EB-3F20-BF84-E5816F904863}
		{C964E386-264B-31C4-AE5E-741D1BDEAAD1} = {C964E386-264B-31C4-AE5E-741D1BDEAAD1}
	EndProjectSection
EndProject
Project("{8BC9CEB8-8B4A-11D0-8D11-00A0C91BC942}") = "ALL_BUILD", "ALL_BUILD.vcxproj", "{30049A54-EE5D-3D97-8EAD-329EBBFB3547}"
	ProjectSection(ProjectDependencies) = postProject
		{8ABD0084-A13C-3A3F-8C20-7D0BD9F5820A} = {8ABD0084-A13C-3A3F-8C20-7D0BD9F5820A}
		{42D50C8C-9E42-3E23-B3B3-A5C598A45AC9} = {42D50C8C-9E42-3E23-B3B3-A5C598A45AC9}
		{93214525-78C8-34CB-A52A-7D8F02875BC7} = {93214525-78C8-34CB-A52A-7D8F02875BC7}
		{FA23A365-19EB-3F20-BF84-E5816F904863} = {FA23A365-19EB-3F20-BF84-E5816F904863}
		{C964E386-264B-31C4-AE5E-741D1BDEAAD1} = {C964E386-264B-31C4-AE5E-741D1BDEAAD1}
	EndProjectSection
EndProject
Project("{8BC9CEB8-8B4A-11D0-8D11-00A0C91BC942}") = "CSC8503CoreClasses", "CSC8503CoreClasses\CSC8503CoreClasses.vcxproj", "{42D50C8C-9E42-3E23-B3B3-A5C598A45AC9}"
	ProjectSection(ProjectDependencies) = postProject
		{C964E386-264B-31C4-AE5E-741D1BDEAAD1} = {C964E386-264B-31C4-AE5E-741D1BDEAAD1}
	EndProjectSection
EndProject
Project("{8BC9CEB8-8B4A-11D0-8D11-00A0C91BC942}") = "NCLCoreClasses", "NCLCoreClasses\NCLCoreClasses.vcxproj", "{93214525-78C8-34CB-A52A-7D8F02875BC7}"
	ProjectSection(ProjectDependencies) = postProject
		{C964E386-264B-31C4-AE5E-741D1BDEAAD1} = {C964E386-264B-31C4-AE5E-741D1BDEAAD1}
	EndProjectSection
EndProject
Project("{8BC9CEB8-8B4A-11D0-8D11-00A0C91BC942}") = "OpenGLRendering", "OpenGLRendering\OpenGLRendering.vcxproj", "{FA23A365-19EB-3F20-BF84-E5816F904863}"
	ProjectSection(ProjectDependencies) = postProject
		{93214525-78C8-34CB-A52A-7D8F02875BC7} = {93214525-78C8-34CB-A52A-7D8F02875BC7}
		{C964E386-264B-31C4-AE5E-741D1BDEAAD1} = {C964E386-264B-31C4-AE5E-741D1BDEAAD1}
	EndProjectSection
EndProject
Project("{8BC9CEB8-8B4A-11D0-8D11-00A0C91BC942}") = "ZERO_CHECK", "ZERO_CHECK.vcxproj", "{C964E386-264B-31C4-AE5E-741D1BDEAAD1}"
	ProjectSection(ProjectDependencies) = postProject
	EndProjectSection
EndProject
Global
	GlobalSection(SolutionConfigurationPlatforms) = preSolution
		Debug|x64 = Debug|x64
		Release|x64 = Release|x64
	EndGlobalSection
	GlobalSection(ProjectConfigurationPlatforms) = postSolution
		{8ABD0084-A13C-3A3F-8C20-7D0BD9F5820A}.Debug|x64.ActiveCfg = Debug|x64
		{8ABD0084-A13C-3A3F-8C20-7D0BD9F5820A}.Debug|x64.Build.0 = Debug|x64
		{8ABD0084-A13C-3A3F-8C20-7D0BD9F5820A}.Release|x64.ActiveCfg = Release|x64
		{8ABD0084-A13C-3A3F-8C20-7D0BD9F5820A}.Release|x64.Build.0 = Release|x64
		{30049A54-EE5D-3D97-8EAD-329EBBFB3547}.Debug|x64.ActiveCfg = Debug|x64
		{30049A54-EE5D-3D97-8EAD-329EBBFB3547}.Release|x64.ActiveCfg = Release|x64
		{42D50C8C-9E42-3E23-B3B3-A5C598A45AC9}.Debug|x64.ActiveCfg = Debug|x64
		{42D50C8C-9E42-3E23-B3B3-A5C598A45AC9}.Debug|x64.Build.0 = Debug|x64
		{42D50C8C-9E42-3E23-B3B3-A5C598A45AC9}.Release|x64.ActiveCfg = Release|x64
		{42D50C8C-9E42-3E23-B3B3-A5C598A45AC9}.Release|x64.Build.0 = Release|x64
		{93214525-78C8-34CB-A52A-7D8F02875BC7}.Debug|x64.ActiveCfg = Debug|x64
		{93214525-78C8-34CB-A52A-7D8F02875BC7}.Debug|x64.Build.0 = Debug|x64
		{93214525-78C8-34CB-A52A-7D8F02875BC7}.Release|x64.ActiveCfg = Release|x64
		{93214525-78C8-34CB-A52A-7D8F02875BC7}.Release|x64.Build.0 = Release|x64
		{FA23A365-19EB-3F20-BF84-E5816F904863}.Debug|x64.ActiveCfg = Debug|x64
		{FA23A365-19EB-3F20-BF84-E5816F904863}.Debug|x64.Build.0 = Debug|x64
		{FA23A365-19EB-3F20-BF84-E5816F904863}.Release|x64.ActiveCfg = Release|x64
		{FA23A365-19EB-3F20-BF84-E5816F904863}.Release|x64.Build.0 = Release|x64
		{C964E386-264B-31C4-AE5E-741D1BDEAAD1}.Debug|x64.ActiveCfg = Debug|x64
		{C964E386-264B-31C4-AE5E-741D1BDEAAD1}.Debug|x64.Build.0 = Debug|x64
		{C964E386-264B-31C4-AE5E-741D1BDEAAD1}.Release|x64.ActiveCfg = Release|x64
		{C964E386-264B-31C4-AE5E-741D1BDEAAD1}.Release|x64.Build.0 = Release|x64
	EndGlobalSection
	GlobalSection(NestedProjects) = preSolution
		{30049A54-EE5D-3D97-8EAD-329EBBFB3547} = {9D568418-FE44-3668-9E77-705FD026B4D0}
		{C964E386-264B-31C4-AE5E-741D1BDEAAD1} = {9D568418-FE44-3668-9E77-705FD026B4D0}
	EndGlobalSection
	GlobalSection(ExtensibilityGlobals) = postSolution
		SolutionGuid = {33ABC093-0CCA-31E6-8ABA-90720E8D6424}
	EndGlobalSection
	GlobalSection(ExtensibilityAddIns) = postSolution
	EndGlobalSection
EndGlobal
